{
  "name": "learn_vue3",
  "lockfileVersion": 2,
  "requires": true,
  "packages": {
    "": {
      "dependencies": {
        "pnpm": "^7.13.4"
      }
    },
    "node_modules/pnpm": {
      "version": "7.13.4",
      "resolved": "https://registry.npmjs.org/pnpm/-/pnpm-7.13.4.tgz",
      "integrity": "sha512-ZaP5+PRzXI0g4KijU7zx4hi7RUJcSYBJIb90e+lyTeQyRw91+peJoFAzWa63+4fjJIz6CqY0cNkP7trZXh5l8w==",
      "bin": {
        "pnpm": "bin/pnpm.cjs",
        "pnpx": "bin/pnpx.cjs"
      },
      "engines": {
        "node": ">=14.6"
      },
      "funding": {
        "url": "https://opencollective.com/pnpm"
      }
    }
  },
  "dependencies": {
    "pnpm": {
      "version": "7.13.4",
      "resolved": "https://registry.npmjs.org/pnpm/-/pnpm-7.13.4.tgz",
      "integrity": "sha512-ZaP5+PRzXI0g4KijU7zx4hi7RUJcSYBJIb90e+lyTeQyRw91+peJoFAzWa63+4fjJIz6CqY0cNkP7trZXh5l8w=="
    }
  }
}
